// !$*UTF8*$!
{
	archiveVersion = 1;
	classes = {
	};
	objectVersion = 56;
	objects = {

/* Begin PBXBuildFile section */
		5D3DE2562B7244FB0061BD22 /* CurrentWeatherSection.swift in Sources */ = {isa = PBXBuildFile; fileRef = 5D3DE2552B7244FB0061BD22 /* CurrentWeatherSection.swift */; };
		5D3DE2592B7246BD0061BD22 /* CurrentWeatherCollectionViewCell.swift in Sources */ = {isa = PBXBuildFile; fileRef = 5D3DE2582B7246BD0061BD22 /* CurrentWeatherCollectionViewCell.swift */; };
		5D3DE25B2B72472F0061BD22 /* DailyWeatherCollectionViewCell.swift in Sources */ = {isa = PBXBuildFile; fileRef = 5D3DE25A2B72472F0061BD22 /* DailyWeatherCollectionViewCell.swift */; };
		5D3DE25D2B72473A0061BD22 /* HourlyWeatherCollectionViewCell.swift in Sources */ = {isa = PBXBuildFile; fileRef = 5D3DE25C2B72473A0061BD22 /* HourlyWeatherCollectionViewCell.swift */; };
		5D65AC882B70B48400AA0491 /* AppDelegate.swift in Sources */ = {isa = PBXBuildFile; fileRef = 5D65AC872B70B48400AA0491 /* AppDelegate.swift */; };
		5D65AC8A2B70B48400AA0491 /* SceneDelegate.swift in Sources */ = {isa = PBXBuildFile; fileRef = 5D65AC892B70B48400AA0491 /* SceneDelegate.swift */; };
		5D65AC8C2B70B48400AA0491 /* WeatherViewController.swift in Sources */ = {isa = PBXBuildFile; fileRef = 5D65AC8B2B70B48400AA0491 /* WeatherViewController.swift */; };
		5D65AC912B70B48500AA0491 /* Assets.xcassets in Resources */ = {isa = PBXBuildFile; fileRef = 5D65AC902B70B48500AA0491 /* Assets.xcassets */; };
		5D65AC942B70B48500AA0491 /* LaunchScreen.storyboard in Resources */ = {isa = PBXBuildFile; fileRef = 5D65AC922B70B48500AA0491 /* LaunchScreen.storyboard */; };
		5D65ACA32B70B7D000AA0491 /* LocationManager.swift in Sources */ = {isa = PBXBuildFile; fileRef = 5D65ACA22B70B7D000AA0491 /* LocationManager.swift */; };
		5D65ACA52B70B7E000AA0491 /* IAPManager.swift in Sources */ = {isa = PBXBuildFile; fileRef = 5D65ACA42B70B7E000AA0491 /* IAPManager.swift */; };
		5D65ACA72B70B80000AA0491 /* WeatherManager.swift in Sources */ = {isa = PBXBuildFile; fileRef = 5D65ACA62B70B80000AA0491 /* WeatherManager.swift */; };
		5D65ACA92B70BABF00AA0491 /* SettingsViewController.swift in Sources */ = {isa = PBXBuildFile; fileRef = 5D65ACA82B70BABF00AA0491 /* SettingsViewController.swift */; };
		5D65ACAB2B70BB1C00AA0491 /* TabViewController.swift in Sources */ = {isa = PBXBuildFile; fileRef = 5D65ACAA2B70BB1C00AA0491 /* TabViewController.swift */; };
		5D65ACAD2B7157F300AA0491 /* CurrentWeatherView.swift in Sources */ = {isa = PBXBuildFile; fileRef = 5D65ACAC2B7157F300AA0491 /* CurrentWeatherView.swift */; };
		5D65ACAF2B7159E600AA0491 /* SettingsView.swift in Sources */ = {isa = PBXBuildFile; fileRef = 5D65ACAE2B7159E600AA0491 /* SettingsView.swift */; };
		5DCA4F442B741AF700B5861A /* CurrentWeatherViewModel.swift in Sources */ = {isa = PBXBuildFile; fileRef = 5DCA4F432B741AF700B5861A /* CurrentWeatherViewModel.swift */; };
		5DCA4F462B741B5B00B5861A /* CurrentWeatherCollectionViewCellViewModel.swift in Sources */ = {isa = PBXBuildFile; fileRef = 5DCA4F452B741B5B00B5861A /* CurrentWeatherCollectionViewCellViewModel.swift */; };
		5DCA4F482B741BA500B5861A /* HourlyWeatherCollectionViewCellViewModel.swift in Sources */ = {isa = PBXBuildFile; fileRef = 5DCA4F472B741BA500B5861A /* HourlyWeatherCollectionViewCellViewModel.swift */; };
		5DCA4F4A2B741BE000B5861A /* DailyWeatherCollectionViewCellViewModel.swift in Sources */ = {isa = PBXBuildFile; fileRef = 5DCA4F492B741BE000B5861A /* DailyWeatherCollectionViewCellViewModel.swift */; };
		5DD515CD2B717D7B00A63E82 /* SettingsViewViewModel.swift in Sources */ = {isa = PBXBuildFile; fileRef = 5DD515CC2B717D7B00A63E82 /* SettingsViewViewModel.swift */; };
/* End PBXBuildFile section */

/* Begin PBXFileReference section */
		5D3DE2552B7244FB0061BD22 /* CurrentWeatherSection.swift */ = {isa = PBXFileReference; lastKnownFileType = sourcecode.swift; path = CurrentWeatherSection.swift; sourceTree = "<group>"; };
		5D3DE2582B7246BD0061BD22 /* CurrentWeatherCollectionViewCell.swift */ = {isa = PBXFileReference; lastKnownFileType = sourcecode.swift; path = CurrentWeatherCollectionViewCell.swift; sourceTree = "<group>"; };
		5D3DE25A2B72472F0061BD22 /* DailyWeatherCollectionViewCell.swift */ = {isa = PBXFileReference; lastKnownFileType = sourcecode.swift; path = DailyWeatherCollectionViewCell.swift; sourceTree = "<group>"; };
		5D3DE25C2B72473A0061BD22 /* HourlyWeatherCollectionViewCell.swift */ = {isa = PBXFileReference; lastKnownFileType = sourcecode.swift; path = HourlyWeatherCollectionViewCell.swift; sourceTree = "<group>"; };
		5D65AC842B70B48400AA0491 /* Weather App.app */ = {isa = PBXFileReference; explicitFileType = wrapper.application; includeInIndex = 0; path = "Weather App.app"; sourceTree = BUILT_PRODUCTS_DIR; };
		5D65AC872B70B48400AA0491 /* AppDelegate.swift */ = {isa = PBXFileReference; lastKnownFileType = sourcecode.swift; path = AppDelegate.swift; sourceTree = "<group>"; };
		5D65AC892B70B48400AA0491 /* SceneDelegate.swift */ = {isa = PBXFileReference; lastKnownFileType = sourcecode.swift; path = SceneDelegate.swift; sourceTree = "<group>"; };
		5D65AC8B2B70B48400AA0491 /* WeatherViewController.swift */ = {isa = PBXFileReference; lastKnownFileType = sourcecode.swift; path = WeatherViewController.swift; sourceTree = "<group>"; };
		5D65AC902B70B48500AA0491 /* Assets.xcassets */ = {isa = PBXFileReference; lastKnownFileType = folder.assetcatalog; path = Assets.xcassets; sourceTree = "<group>"; };
		5D65AC932B70B48500AA0491 /* Base */ = {isa = PBXFileReference; lastKnownFileType = file.storyboard; name = Base; path = Base.lproj/LaunchScreen.storyboard; sourceTree = "<group>"; };
		5D65AC952B70B48500AA0491 /* Info.plist */ = {isa = PBXFileReference; lastKnownFileType = text.plist.xml; path = Info.plist; sourceTree = "<group>"; };
		5D65AC9B2B70B5A800AA0491 /* Weather App.entitlements */ = {isa = PBXFileReference; lastKnownFileType = text.plist.entitlements; path = "Weather App.entitlements"; sourceTree = "<group>"; };
		5D65ACA22B70B7D000AA0491 /* LocationManager.swift */ = {isa = PBXFileReference; lastKnownFileType = sourcecode.swift; path = LocationManager.swift; sourceTree = "<group>"; };
		5D65ACA42B70B7E000AA0491 /* IAPManager.swift */ = {isa = PBXFileReference; lastKnownFileType = sourcecode.swift; path = IAPManager.swift; sourceTree = "<group>"; };
		5D65ACA62B70B80000AA0491 /* WeatherManager.swift */ = {isa = PBXFileReference; lastKnownFileType = sourcecode.swift; path = WeatherManager.swift; sourceTree = "<group>"; };
		5D65ACA82B70BABF00AA0491 /* SettingsViewController.swift */ = {isa = PBXFileReference; lastKnownFileType = sourcecode.swift; path = SettingsViewController.swift; sourceTree = "<group>"; };
		5D65ACAA2B70BB1C00AA0491 /* TabViewController.swift */ = {isa = PBXFileReference; lastKnownFileType = sourcecode.swift; path = TabViewController.swift; sourceTree = "<group>"; };
		5D65ACAC2B7157F300AA0491 /* CurrentWeatherView.swift */ = {isa = PBXFileReference; lastKnownFileType = sourcecode.swift; path = CurrentWeatherView.swift; sourceTree = "<group>"; };
		5D65ACAE2B7159E600AA0491 /* SettingsView.swift */ = {isa = PBXFileReference; lastKnownFileType = sourcecode.swift; path = SettingsView.swift; sourceTree = "<group>"; };
		5DCA4F432B741AF700B5861A /* CurrentWeatherViewModel.swift */ = {isa = PBXFileReference; lastKnownFileType = sourcecode.swift; path = CurrentWeatherViewModel.swift; sourceTree = "<group>"; };
		5DCA4F452B741B5B00B5861A /* CurrentWeatherCollectionViewCellViewModel.swift */ = {isa = PBXFileReference; lastKnownFileType = sourcecode.swift; path = CurrentWeatherCollectionViewCellViewModel.swift; sourceTree = "<group>"; };
		5DCA4F472B741BA500B5861A /* HourlyWeatherCollectionViewCellViewModel.swift */ = {isa = PBXFileReference; lastKnownFileType = sourcecode.swift; path = HourlyWeatherCollectionViewCellViewModel.swift; sourceTree = "<group>"; };
		5DCA4F492B741BE000B5861A /* DailyWeatherCollectionViewCellViewModel.swift */ = {isa = PBXFileReference; lastKnownFileType = sourcecode.swift; path = DailyWeatherCollectionViewCellViewModel.swift; sourceTree = "<group>"; };
		5DD515CC2B717D7B00A63E82 /* SettingsViewViewModel.swift */ = {isa = PBXFileReference; lastKnownFileType = sourcecode.swift; path = SettingsViewViewModel.swift; sourceTree = "<group>"; };
/* End PBXFileReference section */

/* Begin PBXFrameworksBuildPhase section */
		5D65AC812B70B48400AA0491 /* Frameworks */ = {
			isa = PBXFrameworksBuildPhase;
			buildActionMask = 2147483647;
			files = (
			);
			runOnlyForDeploymentPostprocessing = 0;
		};
/* End PBXFrameworksBuildPhase section */

/* Begin PBXGroup section */
		5D3DE2572B72469D0061BD22 /* WeatherCells */ = {
			isa = PBXGroup;
			children = (
				5D3DE2582B7246BD0061BD22 /* CurrentWeatherCollectionViewCell.swift */,
				5D3DE25A2B72472F0061BD22 /* DailyWeatherCollectionViewCell.swift */,
				5D3DE25C2B72473A0061BD22 /* HourlyWeatherCollectionViewCell.swift */,
			);
			path = WeatherCells;
			sourceTree = "<group>";
		};
		5D65AC7B2B70B48400AA0491 = {
			isa = PBXGroup;
			children = (
				5D65AC862B70B48400AA0491 /* Weather App */,
				5D65AC852B70B48400AA0491 /* Products */,
			);
			sourceTree = "<group>";
		};
		5D65AC852B70B48400AA0491 /* Products */ = {
			isa = PBXGroup;
			children = (
				5D65AC842B70B48400AA0491 /* Weather App.app */,
			);
			name = Products;
			sourceTree = "<group>";
		};
		5D65AC862B70B48400AA0491 /* Weather App */ = {
			isa = PBXGroup;
			children = (
				5D65ACA12B70B78500AA0491 /* Managers */,
				5D65ACA02B70B74600AA0491 /* Other */,
				5D65AC9F2B70B73800AA0491 /* ViewModels */,
				5D65AC9E2B70B72B00AA0491 /* Views */,
				5D65AC9D2B70B72600AA0491 /* Models */,
				5D65AC9C2B70B71F00AA0491 /* Controllers */,
				5D65AC9B2B70B5A800AA0491 /* Weather App.entitlements */,
				5D65AC952B70B48500AA0491 /* Info.plist */,
			);
			path = "Weather App";
			sourceTree = "<group>";
		};
		5D65AC9C2B70B71F00AA0491 /* Controllers */ = {
			isa = PBXGroup;
			children = (
				5D65AC8B2B70B48400AA0491 /* WeatherViewController.swift */,
				5D65ACA82B70BABF00AA0491 /* SettingsViewController.swift */,
				5D65ACAA2B70BB1C00AA0491 /* TabViewController.swift */,
			);
			path = Controllers;
			sourceTree = "<group>";
		};
		5D65AC9D2B70B72600AA0491 /* Models */ = {
			isa = PBXGroup;
			children = (
			);
			path = Models;
			sourceTree = "<group>";
		};
		5D65AC9E2B70B72B00AA0491 /* Views */ = {
			isa = PBXGroup;
			children = (
				5D3DE2572B72469D0061BD22 /* WeatherCells */,
				5D65ACAC2B7157F300AA0491 /* CurrentWeatherView.swift */,
				5D65ACAE2B7159E600AA0491 /* SettingsView.swift */,
			);
			path = Views;
			sourceTree = "<group>";
		};
		5D65AC9F2B70B73800AA0491 /* ViewModels */ = {
			isa = PBXGroup;
			children = (
				5DD515CC2B717D7B00A63E82 /* SettingsViewViewModel.swift */,
				5D3DE2552B7244FB0061BD22 /* CurrentWeatherSection.swift */,
				5DCA4F432B741AF700B5861A /* CurrentWeatherViewModel.swift */,
				5DCA4F452B741B5B00B5861A /* CurrentWeatherCollectionViewCellViewModel.swift */,
				5DCA4F472B741BA500B5861A /* HourlyWeatherCollectionViewCellViewModel.swift */,
				5DCA4F492B741BE000B5861A /* DailyWeatherCollectionViewCellViewModel.swift */,
			);
			path = ViewModels;
			sourceTree = "<group>";
		};
		5D65ACA02B70B74600AA0491 /* Other */ = {
			isa = PBXGroup;
			children = (
				5D65AC902B70B48500AA0491 /* Assets.xcassets */,
				5D65AC922B70B48500AA0491 /* LaunchScreen.storyboard */,
				5D65AC872B70B48400AA0491 /* AppDelegate.swift */,
				5D65AC892B70B48400AA0491 /* SceneDelegate.swift */,
			);
			path = Other;
			sourceTree = "<group>";
		};
		5D65ACA12B70B78500AA0491 /* Managers */ = {
			isa = PBXGroup;
			children = (
				5D65ACA22B70B7D000AA0491 /* LocationManager.swift */,
				5D65ACA42B70B7E000AA0491 /* IAPManager.swift */,
				5D65ACA62B70B80000AA0491 /* WeatherManager.swift */,
			);
			path = Managers;
			sourceTree = "<group>";
		};
/* End PBXGroup section */

/* Begin PBXNativeTarget section */
		5D65AC832B70B48400AA0491 /* Weather App */ = {
			isa = PBXNativeTarget;
			buildConfigurationList = 5D65AC982B70B48500AA0491 /* Build configuration list for PBXNativeTarget "Weather App" */;
			buildPhases = (
				5D65AC802B70B48400AA0491 /* Sources */,
				5D65AC812B70B48400AA0491 /* Frameworks */,
				5D65AC822B70B48400AA0491 /* Resources */,
			);
			buildRules = (
			);
			dependencies = (
			);
			name = "Weather App";
			productName = "Weather App";
			productReference = 5D65AC842B70B48400AA0491 /* Weather App.app */;
			productType = "com.apple.product-type.application";
		};
/* End PBXNativeTarget section */

/* Begin PBXProject section */
		5D65AC7C2B70B48400AA0491 /* Project object */ = {
			isa = PBXProject;
			attributes = {
				BuildIndependentTargetsInParallel = 1;
				LastSwiftUpdateCheck = 1520;
				LastUpgradeCheck = 1520;
				TargetAttributes = {
					5D65AC832B70B48400AA0491 = {
						CreatedOnToolsVersion = 15.2;
					};
				};
			};
			buildConfigurationList = 5D65AC7F2B70B48400AA0491 /* Build configuration list for PBXProject "Weather App" */;
			compatibilityVersion = "Xcode 14.0";
			developmentRegion = en;
			hasScannedForEncodings = 0;
			knownRegions = (
				en,
				Base,
			);
			mainGroup = 5D65AC7B2B70B48400AA0491;
			productRefGroup = 5D65AC852B70B48400AA0491 /* Products */;
			projectDirPath = "";
			projectRoot = "";
			targets = (
				5D65AC832B70B48400AA0491 /* Weather App */,
			);
		};
/* End PBXProject section */

/* Begin PBXResourcesBuildPhase section */
		5D65AC822B70B48400AA0491 /* Resources */ = {
			isa = PBXResourcesBuildPhase;
			buildActionMask = 2147483647;
			files = (
				5D65AC942B70B48500AA0491 /* LaunchScreen.storyboard in Resources */,
				5D65AC912B70B48500AA0491 /* Assets.xcassets in Resources */,
			);
			runOnlyForDeploymentPostprocessing = 0;
		};
/* End PBXResourcesBuildPhase section */

/* Begin PBXSourcesBuildPhase section */
		5D65AC802B70B48400AA0491 /* Sources */ = {
			isa = PBXSourcesBuildPhase;
			buildActionMask = 2147483647;
			files = (
				5D65ACAB2B70BB1C00AA0491 /* TabViewController.swift in Sources */,
				5D65ACA72B70B80000AA0491 /* WeatherManager.swift in Sources */,
				5D65ACA32B70B7D000AA0491 /* LocationManager.swift in Sources */,
				5DCA4F462B741B5B00B5861A /* CurrentWeatherCollectionViewCellViewModel.swift in Sources */,
				5D65ACAD2B7157F300AA0491 /* CurrentWeatherView.swift in Sources */,
				5D65ACA92B70BABF00AA0491 /* SettingsViewController.swift in Sources */,
				5D65ACAF2B7159E600AA0491 /* SettingsView.swift in Sources */,
				5DCA4F4A2B741BE000B5861A /* DailyWeatherCollectionViewCellViewModel.swift in Sources */,
				5DD515CD2B717D7B00A63E82 /* SettingsViewViewModel.swift in Sources */,
				5DCA4F442B741AF700B5861A /* CurrentWeatherViewModel.swift in Sources */,
				5DCA4F482B741BA500B5861A /* HourlyWeatherCollectionViewCellViewModel.swift in Sources */,
				5D3DE25B2B72472F0061BD22 /* DailyWeatherCollectionViewCell.swift in Sources */,
				5D65ACA52B70B7E000AA0491 /* IAPManager.swift in Sources */,
				5D65AC8C2B70B48400AA0491 /* WeatherViewController.swift in Sources */,
				5D65AC882B70B48400AA0491 /* AppDelegate.swift in Sources */,
				5D3DE2562B7244FB0061BD22 /* CurrentWeatherSection.swift in Sources */,
				5D3DE25D2B72473A0061BD22 /* HourlyWeatherCollectionViewCell.swift in Sources */,
				5D65AC8A2B70B48400AA0491 /* SceneDelegate.swift in Sources */,
				5D3DE2592B7246BD0061BD22 /* CurrentWeatherCollectionViewCell.swift in Sources */,
			);
			runOnlyForDeploymentPostprocessing = 0;
		};
/* End PBXSourcesBuildPhase section */

/* Begin PBXVariantGroup section */
		5D65AC922B70B48500AA0491 /* LaunchScreen.storyboard */ = {
			isa = PBXVariantGroup;
			children = (
				5D65AC932B70B48500AA0491 /* Base */,
			);
			name = LaunchScreen.storyboard;
			sourceTree = "<group>";
		};
/* End PBXVariantGroup section */

/* Begin XCBuildConfiguration section */
		5D65AC962B70B48500AA0491 /* Debug */ = {
			isa = XCBuildConfiguration;
			buildSettings = {
				ALWAYS_SEARCH_USER_PATHS = NO;
				ASSETCATALOG_COMPILER_GENERATE_SWIFT_ASSET_SYMBOL_EXTENSIONS = YES;
				CLANG_ANALYZER_NONNULL = YES;
				CLANG_ANALYZER_NUMBER_OBJECT_CONVERSION = YES_AGGRESSIVE;
				CLANG_CXX_LANGUAGE_STANDARD = "gnu++20";
				CLANG_ENABLE_MODULES = YES;
				CLANG_ENABLE_OBJC_ARC = YES;
				CLANG_ENABLE_OBJC_WEAK = YES;
				CLANG_WARN_BLOCK_CAPTURE_AUTORELEASING = YES;
				CLANG_WARN_BOOL_CONVERSION = YES;
				CLANG_WARN_COMMA = YES;
				CLANG_WARN_CONSTANT_CONVERSION = YES;
				CLANG_WARN_DEPRECATED_OBJC_IMPLEMENTATIONS = YES;
				CLANG_WARN_DIRECT_OBJC_ISA_USAGE = YES_ERROR;
				CLANG_WARN_DOCUMENTATION_COMMENTS = YES;
				CLANG_WARN_EMPTY_BODY = YES;
				CLANG_WARN_ENUM_CONVERSION = YES;
				CLANG_WARN_INFINITE_RECURSION = YES;
				CLANG_WARN_INT_CONVERSION = YES;
				CLANG_WARN_NON_LITERAL_NULL_CONVERSION = YES;
				CLANG_WARN_OBJC_IMPLICIT_RETAIN_SELF = YES;
				CLANG_WARN_OBJC_LITERAL_CONVERSION = YES;
				CLANG_WARN_OBJC_ROOT_CLASS = YES_ERROR;
				CLANG_WARN_QUOTED_INCLUDE_IN_FRAMEWORK_HEADER = YES;
				CLANG_WARN_RANGE_LOOP_ANALYSIS = YES;
				CLANG_WARN_STRICT_PROTOTYPES = YES;
				CLANG_WARN_SUSPICIOUS_MOVE = YES;
				CLANG_WARN_UNGUARDED_AVAILABILITY = YES_AGGRESSIVE;
				CLANG_WARN_UNREACHABLE_CODE = YES;
				CLANG_WARN__DUPLICATE_METHOD_MATCH = YES;
				COPY_PHASE_STRIP = NO;
				DEBUG_INFORMATION_FORMAT = dwarf;
				ENABLE_STRICT_OBJC_MSGSEND = YES;
				ENABLE_TESTABILITY = YES;
				ENABLE_USER_SCRIPT_SANDBOXING = YES;
				GCC_C_LANGUAGE_STANDARD = gnu17;
				GCC_DYNAMIC_NO_PIC = NO;
				GCC_NO_COMMON_BLOCKS = YES;
				GCC_OPTIMIZATION_LEVEL = 0;
				GCC_PREPROCESSOR_DEFINITIONS = (
					"DEBUG=1",
					"$(inherited)",
				);
				GCC_WARN_64_TO_32_BIT_CONVERSION = YES;
				GCC_WARN_ABOUT_RETURN_TYPE = YES_ERROR;
				GCC_WARN_UNDECLARED_SELECTOR = YES;
				GCC_WARN_UNINITIALIZED_AUTOS = YES_AGGRESSIVE;
				GCC_WARN_UNUSED_FUNCTION = YES;
				GCC_WARN_UNUSED_VARIABLE = YES;
				IPHONEOS_DEPLOYMENT_TARGET = 17.2;
				LOCALIZATION_PREFERS_STRING_CATALOGS = YES;
				MTL_ENABLE_DEBUG_INFO = INCLUDE_SOURCE;
				MTL_FAST_MATH = YES;
				ONLY_ACTIVE_ARCH = YES;
				SDKROOT = iphoneos;
				SWIFT_ACTIVE_COMPILATION_CONDITIONS = "DEBUG $(inherited)";
				SWIFT_OPTIMIZATION_LEVEL = "-Onone";
			};
			name = Debug;
		};
		5D65AC972B70B48500AA0491 /* Release */ = {
			isa = XCBuildConfiguration;
			buildSettings = {
				ALWAYS_SEARCH_USER_PATHS = NO;
				ASSETCATALOG_COMPILER_GENERATE_SWIFT_ASSET_SYMBOL_EXTENSIONS = YES;
				CLANG_ANALYZER_NONNULL = YES;
				CLANG_ANALYZER_NUMBER_OBJECT_CONVERSION = YES_AGGRESSIVE;
				CLANG_CXX_LANGUAGE_STANDARD = "gnu++20";
				CLANG_ENABLE_MODULES = YES;
				CLANG_ENABLE_OBJC_ARC = YES;
				CLANG_ENABLE_OBJC_WEAK = YES;
				CLANG_WARN_BLOCK_CAPTURE_AUTORELEASING = YES;
				CLANG_WARN_BOOL_CONVERSION = YES;
				CLANG_WARN_COMMA = YES;
				CLANG_WARN_CONSTANT_CONVERSION = YES;
				CLANG_WARN_DEPRECATED_OBJC_IMPLEMENTATIONS = YES;
				CLANG_WARN_DIRECT_OBJC_ISA_USAGE = YES_ERROR;
				CLANG_WARN_DOCUMENTATION_COMMENTS = YES;
				CLANG_WARN_EMPTY_BODY = YES;
				CLANG_WARN_ENUM_CONVERSION = YES;
				CLANG_WARN_INFINITE_RECURSION = YES;
				CLANG_WARN_INT_CONVERSION = YES;
				CLANG_WARN_NON_LITERAL_NULL_CONVERSION = YES;
				CLANG_WARN_OBJC_IMPLICIT_RETAIN_SELF = YES;
				CLANG_WARN_OBJC_LITERAL_CONVERSION = YES;
				CLANG_WARN_OBJC_ROOT_CLASS = YES_ERROR;
				CLANG_WARN_QUOTED_INCLUDE_IN_FRAMEWORK_HEADER = YES;
				CLANG_WARN_RANGE_LOOP_ANALYSIS = YES;
				CLANG_WARN_STRICT_PROTOTYPES = YES;
				CLANG_WARN_SUSPICIOUS_MOVE = YES;
				CLANG_WARN_UNGUARDED_AVAILABILITY = YES_AGGRESSIVE;
				CLANG_WARN_UNREACHABLE_CODE = YES;
				CLANG_WARN__DUPLICATE_METHOD_MATCH = YES;
				COPY_PHASE_STRIP = NO;
				DEBUG_INFORMATION_FORMAT = "dwarf-with-dsym";
				ENABLE_NS_ASSERTIONS = NO;
				ENABLE_STRICT_OBJC_MSGSEND = YES;
				ENABLE_USER_SCRIPT_SANDBOXING = YES;
				GCC_C_LANGUAGE_STANDARD = gnu17;
				GCC_NO_COMMON_BLOCKS = YES;
				GCC_WARN_64_TO_32_BIT_CONVERSION = YES;
				GCC_WARN_ABOUT_RETURN_TYPE = YES_ERROR;
				GCC_WARN_UNDECLARED_SELECTOR = YES;
				GCC_WARN_UNINITIALIZED_AUTOS = YES_AGGRESSIVE;
				GCC_WARN_UNUSED_FUNCTION = YES;
				GCC_WARN_UNUSED_VARIABLE = YES;
				IPHONEOS_DEPLOYMENT_TARGET = 17.2;
				LOCALIZATION_PREFERS_STRING_CATALOGS = YES;
				MTL_ENABLE_DEBUG_INFO = NO;
				MTL_FAST_MATH = YES;
				SDKROOT = iphoneos;
				SWIFT_COMPILATION_MODE = wholemodule;
				VALIDATE_PRODUCT = YES;
			};
			name = Release;
		};
		5D65AC992B70B48500AA0491 /* Debug */ = {
			isa = XCBuildConfiguration;
			buildSettings = {
				ASSETCATALOG_COMPILER_APPICON_NAME = AppIcon;
				ASSETCATALOG_COMPILER_GLOBAL_ACCENT_COLOR_NAME = AccentColor;
				CODE_SIGN_ENTITLEMENTS = "Weather App/Weather App.entitlements";
				CODE_SIGN_STYLE = Automatic;
				CURRENT_PROJECT_VERSION = 1;
				GENERATE_INFOPLIST_FILE = YES;
				INFOPLIST_FILE = "Weather App/Info.plist";
				INFOPLIST_KEY_UIApplicationSupportsIndirectInputEvents = YES;
				INFOPLIST_KEY_UILaunchStoryboardName = LaunchScreen;
				INFOPLIST_KEY_UISupportedInterfaceOrientations_iPad = "UIInterfaceOrientationPortrait UIInterfaceOrientationPortraitUpsideDown UIInterfaceOrientationLandscapeLeft UIInterfaceOrientationLandscapeRight";
				INFOPLIST_KEY_UISupportedInterfaceOrientations_iPhone = "UIInterfaceOrientationPortrait UIInterfaceOrientationLandscapeLeft UIInterfaceOrientationLandscapeRight";
				LD_RUNPATH_SEARCH_PATHS = (
					"$(inherited)",
					"@executable_path/Frameworks",
				);
				MARKETING_VERSION = 1.0;
				PRODUCT_BUNDLE_IDENTIFIER = "com.senaerdem.Weather-App";
				PRODUCT_NAME = "$(TARGET_NAME)";
				SWIFT_EMIT_LOC_STRINGS = YES;
				SWIFT_VERSION = 5.0;
				TARGETED_DEVICE_FAMILY = "1,2";
			};
			name = Debug;
		};
		5D65AC9A2B70B48500AA0491 /* Release */ = {
			isa = XCBuildConfiguration;
			buildSettings = {
				ASSETCATALOG_COMPILER_APPICON_NAME = AppIcon;
				ASSETCATALOG_COMPILER_GLOBAL_ACCENT_COLOR_NAME = AccentColor;
				CODE_SIGN_ENTITLEMENTS = "Weather App/Weather App.entitlements";
				CODE_SIGN_STYLE = Automatic;
				CURRENT_PROJECT_VERSION = 1;
				GENERATE_INFOPLIST_FILE = YES;
				INFOPLIST_FILE = "Weather App/Info.plist";
				INFOPLIST_KEY_UIApplicationSupportsIndirectInputEvents = YES;
				INFOPLIST_KEY_UILaunchStoryboardName = LaunchScreen;
				INFOPLIST_KEY_UISupportedInterfaceOrientations_iPad = "UIInterfaceOrientationPortrait UIInterfaceOrientationPortraitUpsideDown UIInterfaceOrientationLandscapeLeft UIInterfaceOrientationLandscapeRight";
				INFOPLIST_KEY_UISupportedInterfaceOrientations_iPhone = "UIInterfaceOrientationPortrait UIInterfaceOrientationLandscapeLeft UIInterfaceOrientationLandscapeRight";
				LD_RUNPATH_SEARCH_PATHS = (
					"$(inherited)",
					"@executable_path/Frameworks",
				);
				MARKETING_VERSION = 1.0;
				PRODUCT_BUNDLE_IDENTIFIER = "com.senaerdem.Weather-App";
				PRODUCT_NAME = "$(TARGET_NAME)";
				SWIFT_EMIT_LOC_STRINGS = YES;
				SWIFT_VERSION = 5.0;
				TARGETED_DEVICE_FAMILY = "1,2";
			};
			name = Release;
		};
/* End XCBuildConfiguration section */

/* Begin XCConfigurationList section */
		5D65AC7F2B70B48400AA0491 /* Build configuration list for PBXProject "Weather App" */ = {
			isa = XCConfigurationList;
			buildConfigurations = (
				5D65AC962B70B48500AA0491 /* Debug */,
				5D65AC972B70B48500AA0491 /* Release */,
			);
			defaultConfigurationIsVisible = 0;
			defaultConfigurationName = Release;
		};
		5D65AC982B70B48500AA0491 /* Build configuration list for PBXNativeTarget "Weather App" */ = {
			isa = XCConfigurationList;
			buildConfigurations = (
				5D65AC992B70B48500AA0491 /* Debug */,
				5D65AC9A2B70B48500AA0491 /* Release */,
			);
			defaultConfigurationIsVisible = 0;
			defaultConfigurationName = Release;
		};
/* End XCConfigurationList section */
	};
	rootObject = 5D65AC7C2B70B48400AA0491 /* Project object */;
}
